
Microsoft Visual Studio Solution File, Format Version 12.00
# Visual Studio Version 17
VisualStudioVersion = 17.0.31903.59
MinimumVisualStudioVersion = 10.0.40219.1
Project("{2150E333-8FDC-42A3-9474-1A3956D46DE8}") = "remotestorage", "remotestorage", "{6F9A884B-2814-41FE-A058-E6B2E5A183B6}"
EndProject
Project("{2150E333-8FDC-42A3-9474-1A3956D46DE8}") = "src", "src", "{C882A0D7-1E97-49E7-9937-B57D709CD849}"
EndProject
Project("{FAE04EC0-301F-11D3-BF4B-00C04F79EFBC}") = "remotestorage", "remotestorage\src\remotestorage\remotestorage.csproj", "{E9BDBDF1-B5FE-44BF-8C9A-049E31A0A9BD}"
EndProject
Project("{2150E333-8FDC-42A3-9474-1A3956D46DE8}") = "tests", "tests", "{20A23557-B464-42A8-AA55-F538631A4AA6}"
EndProject
Project("{FAE04EC0-301F-11D3-BF4B-00C04F79EFBC}") = "remotestorage.Tests", "remotestorage\tests\remotestorage.Tests\remotestorage.Tests.csproj", "{48391D65-7132-4904-990B-516318DAA254}"
EndProject
Project("{FAE04EC0-301F-11D3-BF4B-00C04F79EFBC}") = "remotestorage-api", "remotestorage-api\remotestorage-api.csproj", "{3A9FA6E0-1272-4A0D-B6B0-9A9C2A29846B}"
EndProject
Global
	GlobalSection(SolutionConfigurationPlatforms) = preSolution
		Debug|Any CPU = Debug|Any CPU
		Release|Any CPU = Release|Any CPU
	EndGlobalSection
	GlobalSection(SolutionProperties) = preSolution
		HideSolutionNode = FALSE
	EndGlobalSection
	GlobalSection(ProjectConfigurationPlatforms) = postSolution
		{E9BDBDF1-B5FE-44BF-8C9A-049E31A0A9BD}.Debug|Any CPU.ActiveCfg = Debug|Any CPU
		{E9BDBDF1-B5FE-44BF-8C9A-049E31A0A9BD}.Debug|Any CPU.Build.0 = Debug|Any CPU
		{E9BDBDF1-B5FE-44BF-8C9A-049E31A0A9BD}.Release|Any CPU.ActiveCfg = Release|Any CPU
		{E9BDBDF1-B5FE-44BF-8C9A-049E31A0A9BD}.Release|Any CPU.Build.0 = Release|Any CPU
		{48391D65-7132-4904-990B-516318DAA254}.Debug|Any CPU.ActiveCfg = Debug|Any CPU
		{48391D65-7132-4904-990B-516318DAA254}.Debug|Any CPU.Build.0 = Debug|Any CPU
		{48391D65-7132-4904-990B-516318DAA254}.Release|Any CPU.ActiveCfg = Release|Any CPU
		{48391D65-7132-4904-990B-516318DAA254}.Release|Any CPU.Build.0 = Release|Any CPU
		{3A9FA6E0-1272-4A0D-B6B0-9A9C2A29846B}.Debug|Any CPU.ActiveCfg = Debug|Any CPU
		{3A9FA6E0-1272-4A0D-B6B0-9A9C2A29846B}.Debug|Any CPU.Build.0 = Debug|Any CPU
		{3A9FA6E0-1272-4A0D-B6B0-9A9C2A29846B}.Release|Any CPU.ActiveCfg = Release|Any CPU
		{3A9FA6E0-1272-4A0D-B6B0-9A9C2A29846B}.Release|Any CPU.Build.0 = Release|Any CPU
	EndGlobalSection
	GlobalSection(NestedProjects) = preSolution
		{C882A0D7-1E97-49E7-9937-B57D709CD849} = {6F9A884B-2814-41FE-A058-E6B2E5A183B6}
		{E9BDBDF1-B5FE-44BF-8C9A-049E31A0A9BD} = {C882A0D7-1E97-49E7-9937-B57D709CD849}
		{20A23557-B464-42A8-AA55-F538631A4AA6} = {6F9A884B-2814-41FE-A058-E6B2E5A183B6}
		{48391D65-7132-4904-990B-516318DAA254} = {20A23557-B464-42A8-AA55-F538631A4AA6}
	EndGlobalSection
EndGlobal
